// !$*UTF8*$!
{
	archiveVersion = 1;
	classes = {
	};
	objectVersion = 46;
	objects = {

/* Begin PBXBuildFile section */
		FAAA581E17D8DD4E004090DC /* FBEye.m in Sources */ = {isa = PBXBuildFile; fileRef = FAAA581D17D8DD4E004090DC /* FBEye.m */; };
		FAAA582117D8DDF9004090DC /* FBSwizzler.m in Sources */ = {isa = PBXBuildFile; fileRef = FAAA582017D8DDF9004090DC /* FBSwizzler.m */; };
		FAAA582417D8E4DC004090DC /* FBTableView.m in Sources */ = {isa = PBXBuildFile; fileRef = FAAA582317D8E4DC004090DC /* FBTableView.m */; };
		FAAA582817D8F47F004090DC /* FBEye.bundle in CopyFiles */ = {isa = PBXBuildFile; fileRef = FAEA480117D7B1C000A3C82D /* FBEye.bundle */; };
		FAAA583117D936AF004090DC /* FBThemeFrame.m in Sources */ = {isa = PBXBuildFile; fileRef = FAAA583017D936AF004090DC /* FBThemeFrame.m */; };
		FAAA583417D95367004090DC /* FBCell.m in Sources */ = {isa = PBXBuildFile; fileRef = FAAA583317D95367004090DC /* FBCell.m */; };
		FAEA47CA17D7B19D00A3C82D /* Cocoa.framework in Frameworks */ = {isa = PBXBuildFile; fileRef = FAEA47C917D7B19D00A3C82D /* Cocoa.framework */; };
		FAEA47D417D7B19D00A3C82D /* InfoPlist.strings in Resources */ = {isa = PBXBuildFile; fileRef = FAEA47D217D7B19D00A3C82D /* InfoPlist.strings */; };
		FAEA47D617D7B19D00A3C82D /* main.m in Sources */ = {isa = PBXBuildFile; fileRef = FAEA47D517D7B19D00A3C82D /* main.m */; };
		FAEA47DA17D7B19D00A3C82D /* Credits.rtf in Resources */ = {isa = PBXBuildFile; fileRef = FAEA47D817D7B19D00A3C82D /* Credits.rtf */; };
		FAEA47DD17D7B19D00A3C82D /* FBAppDelegate.m in Sources */ = {isa = PBXBuildFile; fileRef = FAEA47DC17D7B19D00A3C82D /* FBAppDelegate.m */; };
		FAEA47E017D7B19D00A3C82D /* MainMenu.xib in Resources */ = {isa = PBXBuildFile; fileRef = FAEA47DE17D7B19D00A3C82D /* MainMenu.xib */; };
		FAEA47E217D7B19D00A3C82D /* Images.xcassets in Resources */ = {isa = PBXBuildFile; fileRef = FAEA47E117D7B19D00A3C82D /* Images.xcassets */; };
		FAEA480217D7B1C000A3C82D /* Cocoa.framework in Frameworks */ = {isa = PBXBuildFile; fileRef = FAEA47C917D7B19D00A3C82D /* Cocoa.framework */; };
		FAEA480817D7B1C000A3C82D /* InfoPlist.strings in Resources */ = {isa = PBXBuildFile; fileRef = FAEA480617D7B1C000A3C82D /* InfoPlist.strings */; };
/* End PBXBuildFile section */

/* Begin PBXContainerItemProxy section */
		FAAA582517D8E634004090DC /* PBXContainerItemProxy */ = {
			isa = PBXContainerItemProxy;
			containerPortal = FAEA47BE17D7B19C00A3C82D /* Project object */;
			proxyType = 1;
			remoteGlobalIDString = FAEA480017D7B1C000A3C82D;
			remoteInfo = FBEye;
		};
/* End PBXContainerItemProxy section */

/* Begin PBXCopyFilesBuildPhase section */
		FAAA582717D8F46F004090DC /* CopyFiles */ = {
			isa = PBXCopyFilesBuildPhase;
			buildActionMask = 2147483647;
			dstPath = "";
			dstSubfolderSpec = 7;
			files = (
				FAAA582817D8F47F004090DC /* FBEye.bundle in CopyFiles */,
			);
			runOnlyForDeploymentPostprocessing = 0;
		};
/* End PBXCopyFilesBuildPhase section */

/* Begin PBXFileReference section */
		FAAA581C17D8DD4E004090DC /* FBEye.h */ = {isa = PBXFileReference; fileEncoding = 4; lastKnownFileType = sourcecode.c.h; path = FBEye.h; sourceTree = "<group>"; };
		FAAA581D17D8DD4E004090DC /* FBEye.m */ = {isa = PBXFileReference; fileEncoding = 4; lastKnownFileType = sourcecode.c.objc; path = FBEye.m; sourceTree = "<group>"; };
		FAAA581F17D8DDF9004090DC /* FBSwizzler.h */ = {isa = PBXFileReference; fileEncoding = 4; lastKnownFileType = sourcecode.c.h; path = FBSwizzler.h; sourceTree = "<group>"; };
		FAAA582017D8DDF9004090DC /* FBSwizzler.m */ = {isa = PBXFileReference; fileEncoding = 4; lastKnownFileType = sourcecode.c.objc; path = FBSwizzler.m; sourceTree = "<group>"; };
		FAAA582217D8E4DC004090DC /* FBTableView.h */ = {isa = PBXFileReference; fileEncoding = 4; lastKnownFileType = sourcecode.c.h; path = FBTableView.h; sourceTree = "<group>"; };
		FAAA582317D8E4DC004090DC /* FBTableView.m */ = {isa = PBXFileReference; fileEncoding = 4; lastKnownFileType = sourcecode.c.objc; path = FBTableView.m; sourceTree = "<group>"; };
		FAAA582A17D9173F004090DC /* NSFrameView.h */ = {isa = PBXFileReference; fileEncoding = 4; lastKnownFileType = sourcecode.c.h; path = NSFrameView.h; sourceTree = "<group>"; };
		FAAA582B17D9173F004090DC /* NSTableView.h */ = {isa = PBXFileReference; fileEncoding = 4; lastKnownFileType = sourcecode.c.h; path = NSTableView.h; sourceTree = "<group>"; };
		FAAA582C17D9173F004090DC /* NSThemeFrame.h */ = {isa = PBXFileReference; fileEncoding = 4; lastKnownFileType = sourcecode.c.h; path = NSThemeFrame.h; sourceTree = "<group>"; };
		FAAA582D17D9173F004090DC /* NSTitledFrame.h */ = {isa = PBXFileReference; fileEncoding = 4; lastKnownFileType = sourcecode.c.h; path = NSTitledFrame.h; sourceTree = "<group>"; };
		FAAA582E17D9248E004090DC /* Defines.h */ = {isa = PBXFileReference; fileEncoding = 4; lastKnownFileType = sourcecode.c.h; path = Defines.h; sourceTree = "<group>"; };
		FAAA582F17D936AF004090DC /* FBThemeFrame.h */ = {isa = PBXFileReference; fileEncoding = 4; lastKnownFileType = sourcecode.c.h; path = FBThemeFrame.h; sourceTree = "<group>"; };
		FAAA583017D936AF004090DC /* FBThemeFrame.m */ = {isa = PBXFileReference; fileEncoding = 4; lastKnownFileType = sourcecode.c.objc; path = FBThemeFrame.m; sourceTree = "<group>"; };
		FAAA583217D95367004090DC /* FBCell.h */ = {isa = PBXFileReference; fileEncoding = 4; lastKnownFileType = sourcecode.c.h; path = FBCell.h; sourceTree = "<group>"; };
		FAAA583317D95367004090DC /* FBCell.m */ = {isa = PBXFileReference; fileEncoding = 4; lastKnownFileType = sourcecode.c.objc; path = FBCell.m; sourceTree = "<group>"; };
		FAEA47C617D7B19D00A3C82D /* FB Eye.app */ = {isa = PBXFileReference; explicitFileType = wrapper.application; includeInIndex = 0; path = "FB Eye.app"; sourceTree = BUILT_PRODUCTS_DIR; };
		FAEA47C917D7B19D00A3C82D /* Cocoa.framework */ = {isa = PBXFileReference; lastKnownFileType = wrapper.framework; name = Cocoa.framework; path = System/Library/Frameworks/Cocoa.framework; sourceTree = SDKROOT; };
		FAEA47CC17D7B19D00A3C82D /* AppKit.framework */ = {isa = PBXFileReference; lastKnownFileType = wrapper.framework; name = AppKit.framework; path = System/Library/Frameworks/AppKit.framework; sourceTree = SDKROOT; };
		FAEA47CD17D7B19D00A3C82D /* CoreData.framework */ = {isa = PBXFileReference; lastKnownFileType = wrapper.framework; name = CoreData.framework; path = System/Library/Frameworks/CoreData.framework; sourceTree = SDKROOT; };
		FAEA47CE17D7B19D00A3C82D /* Foundation.framework */ = {isa = PBXFileReference; lastKnownFileType = wrapper.framework; name = Foundation.framework; path = System/Library/Frameworks/Foundation.framework; sourceTree = SDKROOT; };
		FAEA47D117D7B19D00A3C82D /* FB Eye-Info.plist */ = {isa = PBXFileReference; lastKnownFileType = text.plist.xml; path = "FB Eye-Info.plist"; sourceTree = "<group>"; };
		FAEA47D317D7B19D00A3C82D /* en */ = {isa = PBXFileReference; lastKnownFileType = text.plist.strings; name = en; path = en.lproj/InfoPlist.strings; sourceTree = "<group>"; };
		FAEA47D517D7B19D00A3C82D /* main.m */ = {isa = PBXFileReference; lastKnownFileType = sourcecode.c.objc; path = main.m; sourceTree = "<group>"; };
		FAEA47D717D7B19D00A3C82D /* FB Eye-Prefix.pch */ = {isa = PBXFileReference; lastKnownFileType = sourcecode.c.h; path = "FB Eye-Prefix.pch"; sourceTree = "<group>"; };
		FAEA47D917D7B19D00A3C82D /* en */ = {isa = PBXFileReference; lastKnownFileType = text.rtf; name = en; path = en.lproj/Credits.rtf; sourceTree = "<group>"; };
		FAEA47DB17D7B19D00A3C82D /* FBAppDelegate.h */ = {isa = PBXFileReference; lastKnownFileType = sourcecode.c.h; path = FBAppDelegate.h; sourceTree = "<group>"; };
		FAEA47DC17D7B19D00A3C82D /* FBAppDelegate.m */ = {isa = PBXFileReference; lastKnownFileType = sourcecode.c.objc; path = FBAppDelegate.m; sourceTree = "<group>"; };
		FAEA47DF17D7B19D00A3C82D /* Base */ = {isa = PBXFileReference; lastKnownFileType = file.xib; name = Base; path = Base.lproj/MainMenu.xib; sourceTree = "<group>"; };
		FAEA47E117D7B19D00A3C82D /* Images.xcassets */ = {isa = PBXFileReference; lastKnownFileType = folder.assetcatalog; path = Images.xcassets; sourceTree = "<group>"; };
		FAEA480117D7B1C000A3C82D /* FBEye.bundle */ = {isa = PBXFileReference; explicitFileType = wrapper.cfbundle; includeInIndex = 0; path = FBEye.bundle; sourceTree = BUILT_PRODUCTS_DIR; };
		FAEA480517D7B1C000A3C82D /* FBEye-Info.plist */ = {isa = PBXFileReference; lastKnownFileType = text.plist.xml; path = "FBEye-Info.plist"; sourceTree = "<group>"; };
		FAEA480717D7B1C000A3C82D /* en */ = {isa = PBXFileReference; lastKnownFileType = text.plist.strings; name = en; path = en.lproj/InfoPlist.strings; sourceTree = "<group>"; };
		FAEA480917D7B1C000A3C82D /* FBEye-Prefix.pch */ = {isa = PBXFileReference; lastKnownFileType = sourcecode.c.h; path = "FBEye-Prefix.pch"; sourceTree = "<group>"; };
/* End PBXFileReference section */

/* Begin PBXFrameworksBuildPhase section */
		FAEA47C317D7B19D00A3C82D /* Frameworks */ = {
			isa = PBXFrameworksBuildPhase;
			buildActionMask = 2147483647;
			files = (
				FAEA47CA17D7B19D00A3C82D /* Cocoa.framework in Frameworks */,
			);
			runOnlyForDeploymentPostprocessing = 0;
		};
		FAEA47FE17D7B1C000A3C82D /* Frameworks */ = {
			isa = PBXFrameworksBuildPhase;
			buildActionMask = 2147483647;
			files = (
				FAEA480217D7B1C000A3C82D /* Cocoa.framework in Frameworks */,
			);
			runOnlyForDeploymentPostprocessing = 0;
		};
/* End PBXFrameworksBuildPhase section */

/* Begin PBXGroup section */
		FAAA582917D9173F004090DC /* Headers */ = {
			isa = PBXGroup;
			children = (
				FAAA582A17D9173F004090DC /* NSFrameView.h */,
				FAAA582B17D9173F004090DC /* NSTableView.h */,
				FAAA582C17D9173F004090DC /* NSThemeFrame.h */,
				FAAA582D17D9173F004090DC /* NSTitledFrame.h */,
			);
			path = Headers;
			sourceTree = "<group>";
		};
		FAEA47BD17D7B19C00A3C82D = {
			isa = PBXGroup;
			children = (
				FAEA47CF17D7B19D00A3C82D /* FB Eye */,
				FAEA480317D7B1C000A3C82D /* FBEye */,
				FAEA47C817D7B19D00A3C82D /* Frameworks */,
				FAEA47C717D7B19D00A3C82D /* Products */,
			);
			sourceTree = "<group>";
		};
		FAEA47C717D7B19D00A3C82D /* Products */ = {
			isa = PBXGroup;
			children = (
				FAEA47C617D7B19D00A3C82D /* FB Eye.app */,
				FAEA480117D7B1C000A3C82D /* FBEye.bundle */,
			);
			name = Products;
			sourceTree = "<group>";
		};
		FAEA47C817D7B19D00A3C82D /* Frameworks */ = {
			isa = PBXGroup;
			children = (
				FAEA47C917D7B19D00A3C82D /* Cocoa.framework */,
				FAEA47CB17D7B19D00A3C82D /* Other Frameworks */,
			);
			name = Frameworks;
			sourceTree = "<group>";
		};
		FAEA47CB17D7B19D00A3C82D /* Other Frameworks */ = {
			isa = PBXGroup;
			children = (
				FAEA47CC17D7B19D00A3C82D /* AppKit.framework */,
				FAEA47CD17D7B19D00A3C82D /* CoreData.framework */,
				FAEA47CE17D7B19D00A3C82D /* Foundation.framework */,
			);
			name = "Other Frameworks";
			sourceTree = "<group>";
		};
		FAEA47CF17D7B19D00A3C82D /* FB Eye */ = {
			isa = PBXGroup;
			children = (
				FAEA47DB17D7B19D00A3C82D /* FBAppDelegate.h */,
				FAEA47DC17D7B19D00A3C82D /* FBAppDelegate.m */,
				FAEA47DE17D7B19D00A3C82D /* MainMenu.xib */,
				FAEA47E117D7B19D00A3C82D /* Images.xcassets */,
				FAEA47D017D7B19D00A3C82D /* Supporting Files */,
				FAAA582E17D9248E004090DC /* Defines.h */,
			);
			path = "FB Eye";
			sourceTree = "<group>";
		};
		FAEA47D017D7B19D00A3C82D /* Supporting Files */ = {
			isa = PBXGroup;
			children = (
				FAEA47D117D7B19D00A3C82D /* FB Eye-Info.plist */,
				FAEA47D217D7B19D00A3C82D /* InfoPlist.strings */,
				FAEA47D517D7B19D00A3C82D /* main.m */,
				FAEA47D717D7B19D00A3C82D /* FB Eye-Prefix.pch */,
				FAEA47D817D7B19D00A3C82D /* Credits.rtf */,
			);
			name = "Supporting Files";
			sourceTree = "<group>";
		};
		FAEA480317D7B1C000A3C82D /* FBEye */ = {
			isa = PBXGroup;
			children = (
				FAEA480417D7B1C000A3C82D /* Supporting Files */,
				FAAA581C17D8DD4E004090DC /* FBEye.h */,
				FAAA581D17D8DD4E004090DC /* FBEye.m */,
				FAAA581F17D8DDF9004090DC /* FBSwizzler.h */,
				FAAA582017D8DDF9004090DC /* FBSwizzler.m */,
				FAAA582217D8E4DC004090DC /* FBTableView.h */,
				FAAA582317D8E4DC004090DC /* FBTableView.m */,
				FAAA582F17D936AF004090DC /* FBThemeFrame.h */,
				FAAA583017D936AF004090DC /* FBThemeFrame.m */,
				FAAA583217D95367004090DC /* FBCell.h */,
				FAAA583317D95367004090DC /* FBCell.m */,
				FAAA582917D9173F004090DC /* Headers */,
			);
			path = FBEye;
			sourceTree = "<group>";
		};
		FAEA480417D7B1C000A3C82D /* Supporting Files */ = {
			isa = PBXGroup;
			children = (
				FAEA480517D7B1C000A3C82D /* FBEye-Info.plist */,
				FAEA480617D7B1C000A3C82D /* InfoPlist.strings */,
				FAEA480917D7B1C000A3C82D /* FBEye-Prefix.pch */,
			);
			name = "Supporting Files";
			sourceTree = "<group>";
		};
/* End PBXGroup section */

/* Begin PBXNativeTarget section */
		FAEA47C517D7B19D00A3C82D /* FB Eye Controller */ = {
			isa = PBXNativeTarget;
			buildConfigurationList = FAEA47F717D7B19D00A3C82D /* Build configuration list for PBXNativeTarget "FB Eye Controller" */;
			buildPhases = (
				FAEA47C217D7B19D00A3C82D /* Sources */,
				FAEA47C317D7B19D00A3C82D /* Frameworks */,
				FAEA47C417D7B19D00A3C82D /* Resources */,
				FAAA582717D8F46F004090DC /* CopyFiles */,
			);
			buildRules = (
			);
			dependencies = (
				FAAA582617D8E634004090DC /* PBXTargetDependency */,
			);
			name = "FB Eye Controller";
			productName = "FB Eye";
			productReference = FAEA47C617D7B19D00A3C82D /* FB Eye.app */;
			productType = "com.apple.product-type.application";
		};
		FAEA480017D7B1C000A3C82D /* FBEye */ = {
			isa = PBXNativeTarget;
			buildConfigurationList = FAEA480A17D7B1C000A3C82D /* Build configuration list for PBXNativeTarget "FBEye" */;
			buildPhases = (
				FAEA47FD17D7B1C000A3C82D /* Sources */,
				FAEA47FE17D7B1C000A3C82D /* Frameworks */,
				FAEA47FF17D7B1C000A3C82D /* Resources */,
			);
			buildRules = (
			);
			dependencies = (
			);
			name = FBEye;
			productName = FBEye;
			productReference = FAEA480117D7B1C000A3C82D /* FBEye.bundle */;
			productType = "com.apple.product-type.bundle";
		};
/* End PBXNativeTarget section */

/* Begin PBXProject section */
		FAEA47BE17D7B19C00A3C82D /* Project object */ = {
			isa = PBXProject;
			attributes = {
				CLASSPREFIX = FB;
				LastUpgradeCheck = 0500;
				ORGANIZATIONNAME = "Alex Zielenski";
			};
			buildConfigurationList = FAEA47C117D7B19C00A3C82D /* Build configuration list for PBXProject "FB Eye" */;
			compatibilityVersion = "Xcode 3.2";
			developmentRegion = English;
			hasScannedForEncodings = 0;
			knownRegions = (
				en,
				Base,
			);
			mainGroup = FAEA47BD17D7B19C00A3C82D;
			productRefGroup = FAEA47C717D7B19D00A3C82D /* Products */;
			projectDirPath = "";
			projectRoot = "";
			targets = (
				FAEA47C517D7B19D00A3C82D /* FB Eye Controller */,
				FAEA480017D7B1C000A3C82D /* FBEye */,
			);
		};
/* End PBXProject section */

/* Begin PBXResourcesBuildPhase section */
		FAEA47C417D7B19D00A3C82D /* Resources */ = {
			isa = PBXResourcesBuildPhase;
			buildActionMask = 2147483647;
			files = (
				FAEA47D417D7B19D00A3C82D /* InfoPlist.strings in Resources */,
				FAEA47E217D7B19D00A3C82D /* Images.xcassets in Resources */,
				FAEA47DA17D7B19D00A3C82D /* Credits.rtf in Resources */,
				FAEA47E017D7B19D00A3C82D /* MainMenu.xib in Resources */,
			);
			runOnlyForDeploymentPostprocessing = 0;
		};
		FAEA47FF17D7B1C000A3C82D /* Resources */ = {
			isa = PBXResourcesBuildPhase;
			buildActionMask = 2147483647;
			files = (
				FAEA480817D7B1C000A3C82D /* InfoPlist.strings in Resources */,
			);
			runOnlyForDeploymentPostprocessing = 0;
		};
/* End PBXResourcesBuildPhase section */

/* Begin PBXSourcesBuildPhase section */
		FAEA47C217D7B19D00A3C82D /* Sources */ = {
			isa = PBXSourcesBuildPhase;
			buildActionMask = 2147483647;
			files = (
				FAEA47DD17D7B19D00A3C82D /* FBAppDelegate.m in Sources */,
				FAEA47D617D7B19D00A3C82D /* main.m in Sources */,
			);
			runOnlyForDeploymentPostprocessing = 0;
		};
		FAEA47FD17D7B1C000A3C82D /* Sources */ = {
			isa = PBXSourcesBuildPhase;
			buildActionMask = 2147483647;
			files = (
				FAAA582417D8E4DC004090DC /* FBTableView.m in Sources */,
				FAAA581E17D8DD4E004090DC /* FBEye.m in Sources */,
				FAAA582117D8DDF9004090DC /* FBSwizzler.m in Sources */,
				FAAA583417D95367004090DC /* FBCell.m in Sources */,
				FAAA583117D936AF004090DC /* FBThemeFrame.m in Sources */,
			);
			runOnlyForDeploymentPostprocessing = 0;
		};
/* End PBXSourcesBuildPhase section */

/* Begin PBXTargetDependency section */
		FAAA582617D8E634004090DC /* PBXTargetDependency */ = {
			isa = PBXTargetDependency;
			target = FAEA480017D7B1C000A3C82D /* FBEye */;
			targetProxy = FAAA582517D8E634004090DC /* PBXContainerItemProxy */;
		};
/* End PBXTargetDependency section */

/* Begin PBXVariantGroup section */
		FAEA47D217D7B19D00A3C82D /* InfoPlist.strings */ = {
			isa = PBXVariantGroup;
			children = (
				FAEA47D317D7B19D00A3C82D /* en */,
			);
			name = InfoPlist.strings;
			sourceTree = "<group>";
		};
		FAEA47D817D7B19D00A3C82D /* Credits.rtf */ = {
			isa = PBXVariantGroup;
			children = (
				FAEA47D917D7B19D00A3C82D /* en */,
			);
			name = Credits.rtf;
			sourceTree = "<group>";
		};
		FAEA47DE17D7B19D00A3C82D /* MainMenu.xib */ = {
			isa = PBXVariantGroup;
			children = (
				FAEA47DF17D7B19D00A3C82D /* Base */,
			);
			name = MainMenu.xib;
			sourceTree = "<group>";
		};
		FAEA480617D7B1C000A3C82D /* InfoPlist.strings */ = {
			isa = PBXVariantGroup;
			children = (
				FAEA480717D7B1C000A3C82D /* en */,
			);
			name = InfoPlist.strings;
			sourceTree = "<group>";
		};
/* End PBXVariantGroup section */

/* Begin XCBuildConfiguration section */
		FAEA47F517D7B19D00A3C82D /* Debug */ = {
			isa = XCBuildConfiguration;
			buildSettings = {
				ALWAYS_SEARCH_USER_PATHS = NO;
				CLANG_CXX_LANGUAGE_STANDARD = "gnu++0x";
				CLANG_CXX_LIBRARY = "libc++";
				CLANG_ENABLE_MODULES = YES;
				CLANG_ENABLE_OBJC_ARC = YES;
				CLANG_WARN_BOOL_CONVERSION = YES;
				CLANG_WARN_CONSTANT_CONVERSION = YES;
				CLANG_WARN_DIRECT_OBJC_ISA_USAGE = YES_ERROR;
				CLANG_WARN_EMPTY_BODY = YES;
				CLANG_WARN_ENUM_CONVERSION = YES;
				CLANG_WARN_INT_CONVERSION = YES;
				CLANG_WARN_OBJC_ROOT_CLASS = YES_ERROR;
				CLANG_WARN__DUPLICATE_METHOD_MATCH = YES;
				CODE_SIGN_IDENTITY = "Developer ID Application: Walter Zielenski";
				COPY_PHASE_STRIP = NO;
				GCC_C_LANGUAGE_STANDARD = gnu99;
				GCC_DYNAMIC_NO_PIC = NO;
				GCC_ENABLE_OBJC_EXCEPTIONS = YES;
				GCC_OPTIMIZATION_LEVEL = 0;
				GCC_PREPROCESSOR_DEFINITIONS = (
					"DEBUG=1",
					"$(inherited)",
				);
				GCC_SYMBOLS_PRIVATE_EXTERN = NO;
				GCC_WARN_64_TO_32_BIT_CONVERSION = YES;
				GCC_WARN_ABOUT_RETURN_TYPE = YES_ERROR;
				GCC_WARN_UNDECLARED_SELECTOR = YES;
				GCC_WARN_UNINITIALIZED_AUTOS = YES;
				GCC_WARN_UNUSED_FUNCTION = YES;
				GCC_WARN_UNUSED_VARIABLE = YES;
				HEADER_SEARCH_PATHS = "${SRCROOT}/**";
				MACOSX_DEPLOYMENT_TARGET = 10.8;
				ONLY_ACTIVE_ARCH = YES;
				SDKROOT = macosx10.8;
			};
			name = Debug;
		};
		FAEA47F617D7B19D00A3C82D /* Release */ = {
			isa = XCBuildConfiguration;
			buildSettings = {
				ALWAYS_SEARCH_USER_PATHS = NO;
				CLANG_CXX_LANGUAGE_STANDARD = "gnu++0x";
				CLANG_CXX_LIBRARY = "libc++";
				CLANG_ENABLE_MODULES = YES;
				CLANG_ENABLE_OBJC_ARC = YES;
				CLANG_WARN_BOOL_CONVERSION = YES;
				CLANG_WARN_CONSTANT_CONVERSION = YES;
				CLANG_WARN_DIRECT_OBJC_ISA_USAGE = YES_ERROR;
				CLANG_WARN_EMPTY_BODY = YES;
				CLANG_WARN_ENUM_CONVERSION = YES;
				CLANG_WARN_INT_CONVERSION = YES;
				CLANG_WARN_OBJC_ROOT_CLASS = YES_ERROR;
				CLANG_WARN__DUPLICATE_METHOD_MATCH = YES;
				CODE_SIGN_IDENTITY = "Developer ID Application: Walter Zielenski";
				COPY_PHASE_STRIP = YES;
				DEBUG_INFORMATION_FORMAT = "dwarf-with-dsym";
				ENABLE_NS_ASSERTIONS = NO;
				GCC_C_LANGUAGE_STANDARD = gnu99;
				GCC_ENABLE_OBJC_EXCEPTIONS = YES;
				GCC_WARN_64_TO_32_BIT_CONVERSION = YES;
				GCC_WARN_ABOUT_RETURN_TYPE = YES_ERROR;
				GCC_WARN_UNDECLARED_SELECTOR = YES;
				GCC_WARN_UNINITIALIZED_AUTOS = YES;
				GCC_WARN_UNUSED_FUNCTION = YES;
				GCC_WARN_UNUSED_VARIABLE = YES;
				HEADER_SEARCH_PATHS = "${SRCROOT}/**";
				MACOSX_DEPLOYMENT_TARGET = 10.8;
				SDKROOT = macosx10.8;
			};
			name = Release;
		};
		FAEA47F817D7B19D00A3C82D /* Debug */ = {
			isa = XCBuildConfiguration;
			buildSettings = {
				ASSETCATALOG_COMPILER_APPICON_NAME = AppIcon;
				CODE_SIGN_IDENTITY = "Developer ID Application";
				COMBINE_HIDPI_IMAGES = YES;
				GCC_PRECOMPILE_PREFIX_HEADER = YES;
				GCC_PREFIX_HEADER = "FB Eye/FB Eye-Prefix.pch";
				INFOPLIST_FILE = "FB Eye/FB Eye-Info.plist";
				PRODUCT_NAME = "$(TARGET_NAME)";
				WRAPPER_EXTENSION = app;
			};
			name = Debug;
		};
		FAEA47F917D7B19D00A3C82D /* Release */ = {
			isa = XCBuildConfiguration;
			buildSettings = {
				ASSETCATALOG_COMPILER_APPICON_NAME = AppIcon;
				CODE_SIGN_IDENTITY = "Developer ID Application";
				COMBINE_HIDPI_IMAGES = YES;
				GCC_PRECOMPILE_PREFIX_HEADER = YES;
				GCC_PREFIX_HEADER = "FB Eye/FB Eye-Prefix.pch";
				INFOPLIST_FILE = "FB Eye/FB Eye-Info.plist";
				PRODUCT_NAME = "$(TARGET_NAME)";
				WRAPPER_EXTENSION = app;
			};
			name = Release;
		};
		FAEA480B17D7B1C000A3C82D /* Debug */ = {
			isa = XCBuildConfiguration;
			buildSettings = {
				COMBINE_HIDPI_IMAGES = YES;
				GCC_PRECOMPILE_PREFIX_HEADER = YES;
				GCC_PREFIX_HEADER = "FBEye/FBEye-Prefix.pch";
				GCC_PREPROCESSOR_DEFINITIONS = (
					"DEBUG=1",
					"$(inherited)",
				);
				INFOPLIST_FILE = "FBEye/FBEye-Info.plist";
				INSTALL_PATH = "$(LOCAL_LIBRARY_DIR)/Bundles";
				PRODUCT_NAME = "$(TARGET_NAME)";
				WRAPPER_EXTENSION = bundle;
			};
			name = Debug;
		};
		FAEA480C17D7B1C000A3C82D /* Release */ = {
			isa = XCBuildConfiguration;
			buildSettings = {
				COMBINE_HIDPI_IMAGES = YES;
				GCC_PRECOMPILE_PREFIX_HEADER = YES;
				GCC_PREFIX_HEADER = "FBEye/FBEye-Prefix.pch";
				INFOPLIST_FILE = "FBEye/FBEye-Info.plist";
				INSTALL_PATH = "$(LOCAL_LIBRARY_DIR)/Bundles";
				PRODUCT_NAME = "$(TARGET_NAME)";
				WRAPPER_EXTENSION = bundle;
			};
			name = Release;
		};
/* End XCBuildConfiguration section */

/* Begin XCConfigurationList section */
		FAEA47C117D7B19C00A3C82D /* Build configuration list for PBXProject "FB Eye" */ = {
			isa = XCConfigurationList;
			buildConfigurations = (
				FAEA47F517D7B19D00A3C82D /* Debug */,
				FAEA47F617D7B19D00A3C82D /* Release */,
			);
			defaultConfigurationIsVisible = 0;
			defaultConfigurationName = Release;
		};
		FAEA47F717D7B19D00A3C82D /* Build configuration list for PBXNativeTarget "FB Eye Controller" */ = {
			isa = XCConfigurationList;
			buildConfigurations = (
				FAEA47F817D7B19D00A3C82D /* Debug */,
				FAEA47F917D7B19D00A3C82D /* Release */,
			);
			defaultConfigurationIsVisible = 0;
			defaultConfigurationName = Release;
		};
		FAEA480A17D7B1C000A3C82D /* Build configuration list for PBXNativeTarget "FBEye" */ = {
			isa = XCConfigurationList;
			buildConfigurations = (
				FAEA480B17D7B1C000A3C82D /* Debug */,
				FAEA480C17D7B1C000A3C82D /* Release */,
			);
			defaultConfigurationIsVisible = 0;
			defaultConfigurationName = Release;
		};
/* End XCConfigurationList section */
	};
	rootObject = FAEA47BE17D7B19C00A3C82D /* Project object */;
}
